{
  "version": 4,
  "terraform_version": "1.9.2",
  "serial": 21,
  "lineage": "7365ce67-fe7e-1576-f953-4e041240fac2",
  "outputs": {
    "client_certificate": {
      "value": "",
      "type": "string",
      "sensitive": true
    },
    "client_key": {
      "value": "",
      "type": "string",
      "sensitive": true
    },
    "cluster_ca_certificate": {
      "value": "LS0tLS1CRUdJTiBDRVJUSUZJQ0FURS0tLS0tCk1JSUVMVENDQXBXZ0F3SUJBZ0lSQU1EelZkb2srcHZCTFVpdWwwZzBCSkV3RFFZSktvWklodmNOQVFFTEJRQXcKTHpFdE1Dc0dBMVVFQXhNa05HSmtPVFJsT0dJdE1qRmpPQzAwTmpKbExUZzBNVGd0WVRJMllUazNPRFF6TjJZeQpNQ0FYRFRJME1EY3lOREUzTURnME1Wb1lEekl3TlRRd056RTNNVGd3T0RReFdqQXZNUzB3S3dZRFZRUURFeVEwClltUTVOR1U0WWkweU1XTTRMVFEyTW1VdE9EUXhPQzFoTWpaaE9UYzRORE0zWmpJd2dnR2lNQTBHQ1NxR1NJYjMKRFFFQkFRVUFBNElCandBd2dnR0tBb0lCZ1FDRXIzOGdNaTVTYmZUTUlZbndMWmp6enAyc3RRVktpV2xHSHVSSwpDQm80aG12U0s5d25rblMwdTQvZzBTMDRiWlZaTitNV2JFazBKdVJhNDFONC9BOVdPTW9tSVBNYTdxY29jYTBPCkNJOXZNQ0xWTUZWdnBKQWE1b3dybmZFejRwdlVxakZ6R1E3VnVwV05NRjdZUFlXS3drcTNRN21JdE9MVE90OXoKcU1aS3d0KzFaS0dDTWNyZmY5T1BJTC9LdmZzS3g2MTczR2VuMzFiSG5LR0RacTA0bXVUQjBCZnZwbUU3ek5PegpNMGNmclpNTG5IVUpxNnkxMHFaVUN6dFY3cFNzNzNxUXord1VXRVQ3WTl4NnN1d0s4bWxNelBUYjYzSjluMkRHCms2eENWUDd4WWpYOTVJYllySEd4c1d4N3RadDg3bzhTREtIelYvclkrNS8zS2Z5aGNFSHI3d21uOXlxd3UrMFYKSXdnd1EvQzhIVDVjZ0JmelNCTi9NYWo3OUtsNWJUMW9NY09kNjJWVXFFNGlBMXN2QXNhaHVmV0VQdXJNSnhvYwp3WXIzQXRZQnhQVmVRYWJ2REcwSFRiVC9YZFJ6OW1wdlBtb2hLN3dFVFMydlF4bDV0T0xxUGxBbzZ1MG10RXFYClo4QkZHNDBlSzFrL09HOEtpNElLVHNkZzNIa0NBd0VBQWFOQ01FQXdEZ1lEVlIwUEFRSC9CQVFEQWdJRU1BOEcKQTFVZEV3RUIvd1FGTUFNQkFmOHdIUVlEVlIwT0JCWUVGQmRTQVJRQVcraGJ0ckJvSHAxak5uZUJnVzhFTUEwRwpDU3FHU0liM0RRRUJDd1VBQTRJQmdRQVMzL3MrYStTZTVieVl6bHlOVjJYa3VJdzM5R3FMd2RQWEg3WTVjRnlWCmxvcWJ4cWRzQVhMQ1E4MTN3ek1FYzZwYVdNRVkyTlh4TWplbVp1VmltMVZXK0FJSGEvZmdYckcyZGFwdVIrU3oKT01vSDEwK2RKMm45OUF4Q05RclJ6RHdwRG1HckNhZDVPcWZzMjNnR0FwTDZreTVhVGFtaFk4cGszQStLUUxIMwpwVk03WGlZeDlUbXNOK1M1Y1NETGhYa0FYam5PNVNqenEveHRBTWZpQ09nVEJRNkh2cXRGZGhYMC9JSkdpZWZqCnA2dDFzQ1FTU0t3UVk1TkhjY2dJSUxtWjQ1SERKTGNESS91TzNVOHhPVHk1U0lhVVE2YzJqMVFHODZuc1ZKZGgKaDkxbXloSnVwRTRHbllxbmZJQ0U4SFNSQXhQZzBxZDNpTm9LT3RoVlc2b2sxcEpieGl1R2NINTZMck8rUm9lVgpUdFM0c0hCUUR3KzF3UFlocGtvT3A2NUZIUFBCMEpuSnZuZWE1aWR2Vkw4TWZwNHF5Z2dleHJZWFVzV0FXOXhmCkR5S3RpbVpKYnBwc3V0L0RxU1I2MEZRdVU3aXRtbXVuQzRUSjFnYVV2bzE2L1FCQkhSNjN5UEw0MFhGZ0MvUVoKdFdneDZvMHJtTzlwMERlNzRRcHJLaWM9Ci0tLS0tRU5EIENFUlRJRklDQVRFLS0tLS0K",
      "type": "string",
      "sensitive": true
    },
    "kubeconfig": {
      "value": "172.16.0.2",
      "type": "string"
    }
  },
  "resources": [
    {
      "mode": "managed",
      "type": "google_compute_network",
      "name": "vpc_network",
      "provider": "provider[\"registry.terraform.io/hashicorp/google\"]",
      "instances": [
        {
          "schema_version": 0,
          "attributes": {
            "auto_create_subnetworks": false,
            "delete_default_routes_on_create": false,
            "description": "",
            "enable_ula_internal_ipv6": false,
            "gateway_ipv4": "",
            "id": "projects/crack-atlas-418513/global/networks/k8s-vpc-network",
            "internal_ipv6_range": "",
            "mtu": 0,
            "name": "k8s-vpc-network",
            "network_firewall_policy_enforcement_order": "AFTER_CLASSIC_FIREWALL",
            "numeric_id": "626042910123266868",
            "project": "crack-atlas-418513",
            "routing_mode": "REGIONAL",
            "self_link": "https://www.googleapis.com/compute/v1/projects/crack-atlas-418513/global/networks/k8s-vpc-network",
            "timeouts": null
          },
          "sensitive_attributes": [],
          "private": "eyJlMmJmYjczMC1lY2FhLTExZTYtOGY4OC0zNDM2M2JjN2M0YzAiOnsiY3JlYXRlIjoxMjAwMDAwMDAwMDAwLCJkZWxldGUiOjEyMDAwMDAwMDAwMDAsInVwZGF0ZSI6MTIwMDAwMDAwMDAwMH19"
        }
      ]
    },
    {
      "mode": "managed",
      "type": "google_compute_subnetwork",
      "name": "subnetwork",
      "provider": "provider[\"registry.terraform.io/hashicorp/google\"]",
      "instances": [
        {
          "schema_version": 0,
          "attributes": {
            "creation_timestamp": "2024-07-24T09:38:10.634-07:00",
            "description": "",
            "external_ipv6_prefix": "",
            "fingerprint": null,
            "gateway_address": "10.0.0.1",
            "id": "projects/crack-atlas-418513/regions/us-central1/subnetworks/k8s-subnetwork",
            "internal_ipv6_prefix": "",
            "ip_cidr_range": "10.0.0.0/16",
            "ipv6_access_type": "",
            "ipv6_cidr_range": "",
            "log_config": [],
            "name": "k8s-subnetwork",
            "network": "https://www.googleapis.com/compute/v1/projects/crack-atlas-418513/global/networks/k8s-vpc-network",
            "private_ip_google_access": true,
            "private_ipv6_google_access": "DISABLE_GOOGLE_ACCESS",
            "project": "crack-atlas-418513",
            "purpose": "PRIVATE",
            "region": "us-central1",
            "role": "",
            "secondary_ip_range": [
              {
                "ip_cidr_range": "10.76.0.0/14",
                "range_name": "gke-primary-cluster-pods-1e505b1a"
              }
            ],
            "self_link": "https://www.googleapis.com/compute/v1/projects/crack-atlas-418513/regions/us-central1/subnetworks/k8s-subnetwork",
            "stack_type": "IPV4_ONLY",
            "timeouts": null
          },
          "sensitive_attributes": [],
          "private": "eyJlMmJmYjczMC1lY2FhLTExZTYtOGY4OC0zNDM2M2JjN2M0YzAiOnsiY3JlYXRlIjoxMjAwMDAwMDAwMDAwLCJkZWxldGUiOjEyMDAwMDAwMDAwMDAsInVwZGF0ZSI6MTIwMDAwMDAwMDAwMH19",
          "dependencies": [
            "google_compute_network.vpc_network"
          ]
        }
      ]
    },
    {
      "mode": "managed",
      "type": "google_container_cluster",
      "name": "primary",
      "provider": "provider[\"registry.terraform.io/hashicorp/google\"]",
      "instances": [
        {
          "schema_version": 2,
          "attributes": {
            "addons_config": [
              {
                "cloudrun_config": [],
                "config_connector_config": [],
                "dns_cache_config": [],
                "gce_persistent_disk_csi_driver_config": [
                  {
                    "enabled": true
                  }
                ],
                "gcp_filestore_csi_driver_config": [],
                "gcs_fuse_csi_driver_config": [],
                "gke_backup_agent_config": [],
                "horizontal_pod_autoscaling": [],
                "http_load_balancing": [],
                "network_policy_config": [
                  {
                    "disabled": true
                  }
                ],
                "stateful_ha_config": []
              }
            ],
            "allow_net_admin": null,
            "authenticator_groups_config": [],
            "binary_authorization": [
              {
                "enabled": false,
                "evaluation_mode": ""
              }
            ],
            "cluster_autoscaling": [
              {
                "auto_provisioning_defaults": [],
                "autoscaling_profile": "BALANCED",
                "enabled": false,
                "resource_limits": []
              }
            ],
            "cluster_ipv4_cidr": "10.76.0.0/14",
            "confidential_nodes": [],
            "cost_management_config": [],
            "database_encryption": [
              {
                "key_name": "",
                "state": "DECRYPTED"
              }
            ],
            "datapath_provider": "",
            "default_max_pods_per_node": 110,
            "default_snat_status": [
              {
                "disabled": false
              }
            ],
            "deletion_protection": true,
            "description": "",
            "dns_config": [],
            "enable_autopilot": false,
            "enable_cilium_clusterwide_network_policy": false,
            "enable_intranode_visibility": false,
            "enable_k8s_beta_apis": [],
            "enable_kubernetes_alpha": false,
            "enable_l4_ilb_subsetting": false,
            "enable_legacy_abac": false,
            "enable_shielded_nodes": true,
            "enable_tpu": false,
            "endpoint": "172.16.0.2",
            "fleet": [],
            "gateway_api_config": [],
            "id": "projects/crack-atlas-418513/locations/us-central1/clusters/primary-cluster",
            "identity_service_config": [],
            "initial_node_count": 1,
            "ip_allocation_policy": [
              {
                "additional_pod_ranges_config": [],
                "cluster_ipv4_cidr_block": "10.76.0.0/14",
                "cluster_secondary_range_name": "gke-primary-cluster-pods-1e505b1a",
                "pod_cidr_overprovision_config": [
                  {
                    "disabled": false
                  }
                ],
                "services_ipv4_cidr_block": "34.118.224.0/20",
                "services_secondary_range_name": "",
                "stack_type": "IPV4"
              }
            ],
            "label_fingerprint": "a9dc16a7",
            "location": "us-central1",
            "logging_config": [
              {
                "enable_components": [
                  "SYSTEM_COMPONENTS",
                  "WORKLOADS"
                ]
              }
            ],
            "logging_service": "logging.googleapis.com/kubernetes",
            "maintenance_policy": [],
            "master_auth": [
              {
                "client_certificate": "",
                "client_certificate_config": [
                  {
                    "issue_client_certificate": false
                  }
                ],
                "client_key": "",
                "cluster_ca_certificate": "LS0tLS1CRUdJTiBDRVJUSUZJQ0FURS0tLS0tCk1JSUVMVENDQXBXZ0F3SUJBZ0lSQU1EelZkb2srcHZCTFVpdWwwZzBCSkV3RFFZSktvWklodmNOQVFFTEJRQXcKTHpFdE1Dc0dBMVVFQXhNa05HSmtPVFJsT0dJdE1qRmpPQzAwTmpKbExUZzBNVGd0WVRJMllUazNPRFF6TjJZeQpNQ0FYRFRJME1EY3lOREUzTURnME1Wb1lEekl3TlRRd056RTNNVGd3T0RReFdqQXZNUzB3S3dZRFZRUURFeVEwClltUTVOR1U0WWkweU1XTTRMVFEyTW1VdE9EUXhPQzFoTWpaaE9UYzRORE0zWmpJd2dnR2lNQTBHQ1NxR1NJYjMKRFFFQkFRVUFBNElCandBd2dnR0tBb0lCZ1FDRXIzOGdNaTVTYmZUTUlZbndMWmp6enAyc3RRVktpV2xHSHVSSwpDQm80aG12U0s5d25rblMwdTQvZzBTMDRiWlZaTitNV2JFazBKdVJhNDFONC9BOVdPTW9tSVBNYTdxY29jYTBPCkNJOXZNQ0xWTUZWdnBKQWE1b3dybmZFejRwdlVxakZ6R1E3VnVwV05NRjdZUFlXS3drcTNRN21JdE9MVE90OXoKcU1aS3d0KzFaS0dDTWNyZmY5T1BJTC9LdmZzS3g2MTczR2VuMzFiSG5LR0RacTA0bXVUQjBCZnZwbUU3ek5PegpNMGNmclpNTG5IVUpxNnkxMHFaVUN6dFY3cFNzNzNxUXord1VXRVQ3WTl4NnN1d0s4bWxNelBUYjYzSjluMkRHCms2eENWUDd4WWpYOTVJYllySEd4c1d4N3RadDg3bzhTREtIelYvclkrNS8zS2Z5aGNFSHI3d21uOXlxd3UrMFYKSXdnd1EvQzhIVDVjZ0JmelNCTi9NYWo3OUtsNWJUMW9NY09kNjJWVXFFNGlBMXN2QXNhaHVmV0VQdXJNSnhvYwp3WXIzQXRZQnhQVmVRYWJ2REcwSFRiVC9YZFJ6OW1wdlBtb2hLN3dFVFMydlF4bDV0T0xxUGxBbzZ1MG10RXFYClo4QkZHNDBlSzFrL09HOEtpNElLVHNkZzNIa0NBd0VBQWFOQ01FQXdEZ1lEVlIwUEFRSC9CQVFEQWdJRU1BOEcKQTFVZEV3RUIvd1FGTUFNQkFmOHdIUVlEVlIwT0JCWUVGQmRTQVJRQVcraGJ0ckJvSHAxak5uZUJnVzhFTUEwRwpDU3FHU0liM0RRRUJDd1VBQTRJQmdRQVMzL3MrYStTZTVieVl6bHlOVjJYa3VJdzM5R3FMd2RQWEg3WTVjRnlWCmxvcWJ4cWRzQVhMQ1E4MTN3ek1FYzZwYVdNRVkyTlh4TWplbVp1VmltMVZXK0FJSGEvZmdYckcyZGFwdVIrU3oKT01vSDEwK2RKMm45OUF4Q05RclJ6RHdwRG1HckNhZDVPcWZzMjNnR0FwTDZreTVhVGFtaFk4cGszQStLUUxIMwpwVk03WGlZeDlUbXNOK1M1Y1NETGhYa0FYam5PNVNqenEveHRBTWZpQ09nVEJRNkh2cXRGZGhYMC9JSkdpZWZqCnA2dDFzQ1FTU0t3UVk1TkhjY2dJSUxtWjQ1SERKTGNESS91TzNVOHhPVHk1U0lhVVE2YzJqMVFHODZuc1ZKZGgKaDkxbXloSnVwRTRHbllxbmZJQ0U4SFNSQXhQZzBxZDNpTm9LT3RoVlc2b2sxcEpieGl1R2NINTZMck8rUm9lVgpUdFM0c0hCUUR3KzF3UFlocGtvT3A2NUZIUFBCMEpuSnZuZWE1aWR2Vkw4TWZwNHF5Z2dleHJZWFVzV0FXOXhmCkR5S3RpbVpKYnBwc3V0L0RxU1I2MEZRdVU3aXRtbXVuQzRUSjFnYVV2bzE2L1FCQkhSNjN5UEw0MFhGZ0MvUVoKdFdneDZvMHJtTzlwMERlNzRRcHJLaWM9Ci0tLS0tRU5EIENFUlRJRklDQVRFLS0tLS0K"
              }
            ],
            "master_authorized_networks_config": [
              {
                "cidr_blocks": [
                  {
                    "cidr_block": "10.0.0.0/28",
                    "display_name": "Internal Network"
                  }
                ],
                "gcp_public_cidrs_access_enabled": false
              }
            ],
            "master_version": "1.29.6-gke.1038001",
            "mesh_certificates": [],
            "min_master_version": null,
            "monitoring_config": [
              {
                "advanced_datapath_observability_config": [
                  {
                    "enable_metrics": false,
                    "enable_relay": false,
                    "relay_mode": "DISABLED"
                  }
                ],
                "enable_components": [
                  "SYSTEM_COMPONENTS",
                  "DAEMONSET",
                  "DEPLOYMENT",
                  "STATEFULSET",
                  "STORAGE",
                  "HPA",
                  "POD",
                  "CADVISOR",
                  "KUBELET"
                ],
                "managed_prometheus": [
                  {
                    "enabled": true
                  }
                ]
              }
            ],
            "monitoring_service": "monitoring.googleapis.com/kubernetes",
            "name": "primary-cluster",
            "network": "projects/crack-atlas-418513/global/networks/k8s-vpc-network",
            "network_policy": [
              {
                "enabled": false,
                "provider": "PROVIDER_UNSPECIFIED"
              }
            ],
            "networking_mode": "VPC_NATIVE",
            "node_config": [
              {
                "advanced_machine_features": [],
                "boot_disk_kms_key": "",
                "confidential_nodes": [],
                "containerd_config": [],
                "disk_size_gb": 100,
                "disk_type": "pd-balanced",
                "effective_taints": [],
                "enable_confidential_storage": false,
                "ephemeral_storage_local_ssd_config": [],
                "fast_socket": [],
                "gcfs_config": [],
                "guest_accelerator": [],
                "gvnic": [],
                "host_maintenance_policy": [],
                "image_type": "COS_CONTAINERD",
                "kubelet_config": [],
                "labels": {},
                "linux_node_config": [],
                "local_nvme_ssd_block_config": [],
                "local_ssd_count": 0,
                "logging_variant": "DEFAULT",
                "machine_type": "e2-medium",
                "metadata": {
                  "disable-legacy-endpoints": "true"
                },
                "min_cpu_platform": "",
                "node_group": "",
                "oauth_scopes": [
                  "https://www.googleapis.com/auth/devstorage.read_only",
                  "https://www.googleapis.com/auth/logging.write",
                  "https://www.googleapis.com/auth/monitoring",
                  "https://www.googleapis.com/auth/service.management.readonly",
                  "https://www.googleapis.com/auth/servicecontrol",
                  "https://www.googleapis.com/auth/trace.append"
                ],
                "preemptible": false,
                "reservation_affinity": [],
                "resource_labels": {},
                "resource_manager_tags": {},
                "secondary_boot_disks": [],
                "service_account": "default",
                "shielded_instance_config": [
                  {
                    "enable_integrity_monitoring": true,
                    "enable_secure_boot": false
                  }
                ],
                "sole_tenant_config": [],
                "spot": false,
                "tags": [],
                "taint": [],
                "workload_metadata_config": []
              }
            ],
            "node_locations": [
              "us-central1-a",
              "us-central1-b",
              "us-central1-c"
            ],
            "node_pool": [
              {
                "autoscaling": [],
                "initial_node_count": 1,
                "instance_group_urls": [
                  "https://www.googleapis.com/compute/v1/projects/crack-atlas-418513/zones/us-central1-c/instanceGroupManagers/gke-primary-cluster-default-pool-9ad3ac14-grp",
                  "https://www.googleapis.com/compute/v1/projects/crack-atlas-418513/zones/us-central1-b/instanceGroupManagers/gke-primary-cluster-default-pool-87f375d9-grp",
                  "https://www.googleapis.com/compute/v1/projects/crack-atlas-418513/zones/us-central1-a/instanceGroupManagers/gke-primary-cluster-default-pool-fca8aa62-grp"
                ],
                "managed_instance_group_urls": [
                  "https://www.googleapis.com/compute/v1/projects/crack-atlas-418513/zones/us-central1-c/instanceGroups/gke-primary-cluster-default-pool-9ad3ac14-grp",
                  "https://www.googleapis.com/compute/v1/projects/crack-atlas-418513/zones/us-central1-b/instanceGroups/gke-primary-cluster-default-pool-87f375d9-grp",
                  "https://www.googleapis.com/compute/v1/projects/crack-atlas-418513/zones/us-central1-a/instanceGroups/gke-primary-cluster-default-pool-fca8aa62-grp"
                ],
                "management": [
                  {
                    "auto_repair": true,
                    "auto_upgrade": true
                  }
                ],
                "max_pods_per_node": 110,
                "name": "default-pool",
                "name_prefix": "",
                "network_config": [
                  {
                    "create_pod_range": false,
                    "enable_private_nodes": true,
                    "network_performance_config": [],
                    "pod_cidr_overprovision_config": [],
                    "pod_ipv4_cidr_block": "10.76.0.0/14",
                    "pod_range": "gke-primary-cluster-pods-1e505b1a"
                  }
                ],
                "node_config": [
                  {
                    "advanced_machine_features": [],
                    "boot_disk_kms_key": "",
                    "confidential_nodes": [],
                    "containerd_config": [],
                    "disk_size_gb": 100,
                    "disk_type": "pd-balanced",
                    "effective_taints": [],
                    "enable_confidential_storage": false,
                    "ephemeral_storage_local_ssd_config": [],
                    "fast_socket": [],
                    "gcfs_config": [],
                    "guest_accelerator": [],
                    "gvnic": [],
                    "host_maintenance_policy": [],
                    "image_type": "COS_CONTAINERD",
                    "kubelet_config": [],
                    "labels": {},
                    "linux_node_config": [],
                    "local_nvme_ssd_block_config": [],
                    "local_ssd_count": 0,
                    "logging_variant": "DEFAULT",
                    "machine_type": "e2-medium",
                    "metadata": {
                      "disable-legacy-endpoints": "true"
                    },
                    "min_cpu_platform": "",
                    "node_group": "",
                    "oauth_scopes": [
                      "https://www.googleapis.com/auth/devstorage.read_only",
                      "https://www.googleapis.com/auth/logging.write",
                      "https://www.googleapis.com/auth/monitoring",
                      "https://www.googleapis.com/auth/service.management.readonly",
                      "https://www.googleapis.com/auth/servicecontrol",
                      "https://www.googleapis.com/auth/trace.append"
                    ],
                    "preemptible": false,
                    "reservation_affinity": [],
                    "resource_labels": {},
                    "resource_manager_tags": {},
                    "secondary_boot_disks": [],
                    "service_account": "default",
                    "shielded_instance_config": [
                      {
                        "enable_integrity_monitoring": true,
                        "enable_secure_boot": false
                      }
                    ],
                    "sole_tenant_config": [],
                    "spot": false,
                    "tags": [],
                    "taint": [],
                    "workload_metadata_config": []
                  }
                ],
                "node_count": 1,
                "node_locations": [
                  "us-central1-a",
                  "us-central1-b",
                  "us-central1-c"
                ],
                "placement_policy": [],
                "queued_provisioning": [],
                "upgrade_settings": [
                  {
                    "blue_green_settings": [],
                    "max_surge": 1,
                    "max_unavailable": 0,
                    "strategy": "SURGE"
                  }
                ],
                "version": "1.29.6-gke.1038001"
              }
            ],
            "node_pool_auto_config": [],
            "node_pool_defaults": [
              {
                "node_config_defaults": [
                  {
                    "containerd_config": [],
                    "logging_variant": "DEFAULT"
                  }
                ]
              }
            ],
            "node_version": "1.29.6-gke.1038001",
            "notification_config": [
              {
                "pubsub": [
                  {
                    "enabled": false,
                    "filter": [],
                    "topic": ""
                  }
                ]
              }
            ],
            "operation": null,
            "private_cluster_config": [
              {
                "enable_private_endpoint": true,
                "enable_private_nodes": true,
                "master_global_access_config": [
                  {
                    "enabled": false
                  }
                ],
                "master_ipv4_cidr_block": "172.16.0.0/28",
                "peering_name": "",
                "private_endpoint": "172.16.0.2",
                "private_endpoint_subnetwork": "",
                "public_endpoint": "34.132.158.49"
              }
            ],
            "private_ipv6_google_access": "",
            "project": "crack-atlas-418513",
            "release_channel": [
              {
                "channel": "REGULAR"
              }
            ],
            "remove_default_node_pool": null,
            "resource_labels": {},
            "resource_usage_export_config": [],
            "security_posture_config": [
              {
                "mode": "BASIC",
                "vulnerability_mode": "VULNERABILITY_MODE_UNSPECIFIED"
              }
            ],
            "self_link": "https://container.googleapis.com/v1/projects/crack-atlas-418513/locations/us-central1/clusters/primary-cluster",
            "service_external_ips_config": [
              {
                "enabled": false
              }
            ],
            "services_ipv4_cidr": "34.118.224.0/20",
            "subnetwork": "projects/crack-atlas-418513/regions/us-central1/subnetworks/k8s-subnetwork",
            "timeouts": null,
            "tpu_ipv4_cidr_block": "",
            "vertical_pod_autoscaling": [],
            "workload_identity_config": []
          },
          "sensitive_attributes": [
            [
              {
                "type": "get_attr",
                "value": "master_auth"
              },
              {
                "type": "index",
                "value": {
                  "value": 0,
                  "type": "number"
                }
              },
              {
                "type": "get_attr",
                "value": "client_key"
              }
            ]
          ],
          "private": "eyJlMmJmYjczMC1lY2FhLTExZTYtOGY4OC0zNDM2M2JjN2M0YzAiOnsiY3JlYXRlIjoyNDAwMDAwMDAwMDAwLCJkZWxldGUiOjI0MDAwMDAwMDAwMDAsInJlYWQiOjI0MDAwMDAwMDAwMDAsInVwZGF0ZSI6MzYwMDAwMDAwMDAwMH0sInNjaGVtYV92ZXJzaW9uIjoiMiJ9",
          "dependencies": [
            "google_compute_network.vpc_network",
            "google_compute_subnetwork.subnetwork"
          ]
        }
      ]
    },
    {
      "mode": "managed",
      "type": "google_container_node_pool",
      "name": "primary_nodes",
      "provider": "provider[\"registry.terraform.io/hashicorp/google\"]",
      "instances": [
        {
          "schema_version": 1,
          "attributes": {
            "autoscaling": [],
            "cluster": "primary-cluster",
            "id": "projects/crack-atlas-418513/locations/us-central1/clusters/primary-cluster/nodePools/terraform-20240724181746889200000001",
            "initial_node_count": 1,
            "instance_group_urls": [
              "https://www.googleapis.com/compute/v1/projects/crack-atlas-418513/zones/us-central1-c/instanceGroupManagers/gke-primary-cluster-terraform-2024072-61b71341-grp",
              "https://www.googleapis.com/compute/v1/projects/crack-atlas-418513/zones/us-central1-b/instanceGroupManagers/gke-primary-cluster-terraform-2024072-d5736318-grp",
              "https://www.googleapis.com/compute/v1/projects/crack-atlas-418513/zones/us-central1-a/instanceGroupManagers/gke-primary-cluster-terraform-2024072-38183123-grp"
            ],
            "location": "us-central1",
            "managed_instance_group_urls": [
              "https://www.googleapis.com/compute/v1/projects/crack-atlas-418513/zones/us-central1-c/instanceGroups/gke-primary-cluster-terraform-2024072-61b71341-grp",
              "https://www.googleapis.com/compute/v1/projects/crack-atlas-418513/zones/us-central1-b/instanceGroups/gke-primary-cluster-terraform-2024072-d5736318-grp",
              "https://www.googleapis.com/compute/v1/projects/crack-atlas-418513/zones/us-central1-a/instanceGroups/gke-primary-cluster-terraform-2024072-38183123-grp"
            ],
            "management": [
              {
                "auto_repair": true,
                "auto_upgrade": true
              }
            ],
            "max_pods_per_node": 110,
            "name": "terraform-20240724181746889200000001",
            "name_prefix": "",
            "network_config": [
              {
                "create_pod_range": false,
                "enable_private_nodes": true,
                "network_performance_config": [],
                "pod_cidr_overprovision_config": [],
                "pod_ipv4_cidr_block": "10.76.0.0/14",
                "pod_range": "gke-primary-cluster-pods-1e505b1a"
              }
            ],
            "node_config": [
              {
                "advanced_machine_features": [],
                "boot_disk_kms_key": "",
                "confidential_nodes": [],
                "containerd_config": [],
                "disk_size_gb": 50,
                "disk_type": "pd-standard",
                "effective_taints": [],
                "enable_confidential_storage": false,
                "ephemeral_storage_local_ssd_config": [],
                "fast_socket": [],
                "gcfs_config": [],
                "guest_accelerator": [],
                "gvnic": [],
                "host_maintenance_policy": [],
                "image_type": "COS_CONTAINERD",
                "kubelet_config": [],
                "labels": {},
                "linux_node_config": [],
                "local_nvme_ssd_block_config": [],
                "local_ssd_count": 0,
                "logging_variant": "DEFAULT",
                "machine_type": "e2-medium",
                "metadata": {
                  "disable-legacy-endpoints": "true"
                },
                "min_cpu_platform": "",
                "node_group": "",
                "oauth_scopes": [
                  "https://www.googleapis.com/auth/devstorage.read_only",
                  "https://www.googleapis.com/auth/logging.write",
                  "https://www.googleapis.com/auth/monitoring",
                  "https://www.googleapis.com/auth/service.management.readonly",
                  "https://www.googleapis.com/auth/servicecontrol",
                  "https://www.googleapis.com/auth/trace.append"
                ],
                "preemptible": true,
                "reservation_affinity": [],
                "resource_labels": null,
                "resource_manager_tags": null,
                "secondary_boot_disks": [],
                "service_account": "default",
                "shielded_instance_config": [
                  {
                    "enable_integrity_monitoring": true,
                    "enable_secure_boot": false
                  }
                ],
                "sole_tenant_config": [],
                "spot": false,
                "tags": null,
                "taint": [],
                "workload_metadata_config": []
              }
            ],
            "node_count": 1,
            "node_locations": [
              "us-central1-a",
              "us-central1-b",
              "us-central1-c"
            ],
            "operation": null,
            "placement_policy": [],
            "project": "crack-atlas-418513",
            "queued_provisioning": [],
            "timeouts": null,
            "upgrade_settings": [
              {
                "blue_green_settings": [],
                "max_surge": 1,
                "max_unavailable": 0,
                "strategy": "SURGE"
              }
            ],
            "version": "1.29.6-gke.1038001"
          },
          "sensitive_attributes": [],
          "private": "eyJlMmJmYjczMC1lY2FhLTExZTYtOGY4OC0zNDM2M2JjN2M0YzAiOnsiY3JlYXRlIjoxODAwMDAwMDAwMDAwLCJkZWxldGUiOjE4MDAwMDAwMDAwMDAsInVwZGF0ZSI6MTgwMDAwMDAwMDAwMH0sInNjaGVtYV92ZXJzaW9uIjoiMSJ9",
          "dependencies": [
            "google_compute_network.vpc_network",
            "google_compute_subnetwork.subnetwork",
            "google_container_cluster.primary"
          ]
        }
      ]
    }
  ],
  "check_results": null
}
