{"format_version":"1.2","terraform_version":"1.9.2","variables":{"cluster_name":{"value":"primary-cluster"},"machine_type":{"value":"e2-medium"},"node_count":{"value":1},"project_id":{"value":"crack-atlas-418513"},"region":{"value":"us-central1"},"zone":{"value":"us-central1-a"}},"planned_values":{"outputs":{"client_certificate":{"sensitive":false},"client_key":{"sensitive":false},"cluster_ca_certificate":{"sensitive":false},"kubeconfig":{"sensitive":false}},"root_module":{"resources":[{"address":"google_compute_network.vpc_network","mode":"managed","type":"google_compute_network","name":"vpc_network","provider_name":"registry.terraform.io/hashicorp/google","schema_version":0,"values":{"auto_create_subnetworks":false,"delete_default_routes_on_create":false,"description":null,"enable_ula_internal_ipv6":null,"name":"my-vpc-network","network_firewall_policy_enforcement_order":"AFTER_CLASSIC_FIREWALL","project":"crack-atlas-418513","timeouts":null},"sensitive_values":{}},{"address":"google_compute_subnetwork.subnetwork","mode":"managed","type":"google_compute_subnetwork","name":"subnetwork","provider_name":"registry.terraform.io/hashicorp/google","schema_version":0,"values":{"description":null,"ip_cidr_range":"10.0.0.0/16","ipv6_access_type":null,"log_config":[],"name":"my-subnetwork","project":"crack-atlas-418513","region":"us-central1","role":null,"timeouts":null},"sensitive_values":{"log_config":[],"secondary_ip_range":[]}},{"address":"google_container_cluster.primary","mode":"managed","type":"google_container_cluster","name":"primary","provider_name":"registry.terraform.io/hashicorp/google","schema_version":2,"values":{"allow_net_admin":null,"binary_authorization":[],"deletion_protection":true,"description":null,"dns_config":[],"enable_autopilot":null,"enable_cilium_clusterwide_network_policy":false,"enable_k8s_beta_apis":[],"enable_kubernetes_alpha":false,"enable_l4_ilb_subsetting":false,"enable_legacy_abac":false,"enable_shielded_nodes":true,"enable_tpu":null,"fleet":[],"initial_node_count":1,"location":"us-central1","maintenance_policy":[],"min_master_version":null,"name":"primary-cluster","network_policy":[],"node_config":[{"advanced_machine_features":[],"boot_disk_kms_key":null,"containerd_config":[],"enable_confidential_storage":null,"ephemeral_storage_local_ssd_config":[],"fast_socket":[],"gcfs_config":[],"gvnic":[],"host_maintenance_policy":[],"kubelet_config":[],"linux_node_config":[],"local_nvme_ssd_block_config":[],"machine_type":"e2-medium","node_group":null,"preemptible":false,"reservation_affinity":[],"resource_labels":null,"resource_manager_tags":null,"secondary_boot_disks":[],"sole_tenant_config":[],"spot":false,"tags":null,"taint":[]}],"private_cluster_config":[],"remove_default_node_pool":null,"resource_labels":null,"resource_usage_export_config":[],"subnetwork":"my-subnetwork","timeouts":null},"sensitive_values":{"addons_config":[],"authenticator_groups_config":[],"binary_authorization":[],"cluster_autoscaling":[],"confidential_nodes":[],"cost_management_config":[],"database_encryption":[],"default_snat_status":[],"dns_config":[],"enable_k8s_beta_apis":[],"fleet":[],"gateway_api_config":[],"identity_service_config":[],"ip_allocation_policy":[],"logging_config":[],"maintenance_policy":[],"master_auth":[],"master_authorized_networks_config":[],"mesh_certificates":[],"monitoring_config":[],"network_policy":[],"node_config":[{"advanced_machine_features":[],"confidential_nodes":[],"containerd_config":[],"effective_taints":[],"ephemeral_storage_local_ssd_config":[],"fast_socket":[],"gcfs_config":[],"guest_accelerator":[],"gvnic":[],"host_maintenance_policy":[],"kubelet_config":[],"labels":{},"linux_node_config":[],"local_nvme_ssd_block_config":[],"metadata":{},"oauth_scopes":[],"reservation_affinity":[],"secondary_boot_disks":[],"shielded_instance_config":[],"sole_tenant_config":[],"taint":[],"workload_metadata_config":[]}],"node_locations":[],"node_pool":[],"node_pool_auto_config":[],"node_pool_defaults":[],"notification_config":[],"private_cluster_config":[],"release_channel":[],"resource_usage_export_config":[],"security_posture_config":[],"service_external_ips_config":[],"vertical_pod_autoscaling":[],"workload_identity_config":[]}},{"address":"google_container_node_pool.primary_nodes","mode":"managed","type":"google_container_node_pool","name":"primary_nodes","provider_name":"registry.terraform.io/hashicorp/google","schema_version":1,"values":{"autoscaling":[],"cluster":"primary-cluster","location":"us-central1","node_config":[{"advanced_machine_features":[],"boot_disk_kms_key":null,"containerd_config":[],"enable_confidential_storage":null,"ephemeral_storage_local_ssd_config":[],"fast_socket":[],"gcfs_config":[],"gvnic":[],"host_maintenance_policy":[],"kubelet_config":[],"linux_node_config":[],"local_nvme_ssd_block_config":[],"machine_type":"e2-medium","node_group":null,"oauth_scopes":["https://www.googleapis.com/auth/devstorage.read_only","https://www.googleapis.com/auth/logging.write","https://www.googleapis.com/auth/monitoring","https://www.googleapis.com/auth/service.management.readonly","https://www.googleapis.com/auth/servicecontrol","https://www.googleapis.com/auth/trace.append"],"preemptible":true,"reservation_affinity":[],"resource_labels":null,"resource_manager_tags":null,"secondary_boot_disks":[],"sole_tenant_config":[],"spot":false,"tags":null,"taint":[]}],"node_count":1,"placement_policy":[],"project":"crack-atlas-418513","queued_provisioning":[],"timeouts":null},"sensitive_values":{"autoscaling":[],"instance_group_urls":[],"managed_instance_group_urls":[],"management":[],"network_config":[],"node_config":[{"advanced_machine_features":[],"confidential_nodes":[],"containerd_config":[],"effective_taints":[],"ephemeral_storage_local_ssd_config":[],"fast_socket":[],"gcfs_config":[],"guest_accelerator":[],"gvnic":[],"host_maintenance_policy":[],"kubelet_config":[],"labels":{},"linux_node_config":[],"local_nvme_ssd_block_config":[],"metadata":{},"oauth_scopes":[false,false,false,false,false,false],"reservation_affinity":[],"secondary_boot_disks":[],"shielded_instance_config":[],"sole_tenant_config":[],"taint":[],"workload_metadata_config":[]}],"node_locations":[],"placement_policy":[],"queued_provisioning":[],"upgrade_settings":[]}}]}},"resource_changes":[{"address":"google_compute_network.vpc_network","mode":"managed","type":"google_compute_network","name":"vpc_network","provider_name":"registry.terraform.io/hashicorp/google","change":{"actions":["create"],"before":null,"after":{"auto_create_subnetworks":false,"delete_default_routes_on_create":false,"description":null,"enable_ula_internal_ipv6":null,"name":"my-vpc-network","network_firewall_policy_enforcement_order":"AFTER_CLASSIC_FIREWALL","project":"crack-atlas-418513","timeouts":null},"after_unknown":{"gateway_ipv4":true,"id":true,"internal_ipv6_range":true,"mtu":true,"numeric_id":true,"routing_mode":true,"self_link":true},"before_sensitive":false,"after_sensitive":{}}},{"address":"google_compute_subnetwork.subnetwork","mode":"managed","type":"google_compute_subnetwork","name":"subnetwork","provider_name":"registry.terraform.io/hashicorp/google","change":{"actions":["create"],"before":null,"after":{"description":null,"ip_cidr_range":"10.0.0.0/16","ipv6_access_type":null,"log_config":[],"name":"my-subnetwork","project":"crack-atlas-418513","region":"us-central1","role":null,"timeouts":null},"after_unknown":{"creation_timestamp":true,"external_ipv6_prefix":true,"fingerprint":true,"gateway_address":true,"id":true,"internal_ipv6_prefix":true,"ipv6_cidr_range":true,"log_config":[],"network":true,"private_ip_google_access":true,"private_ipv6_google_access":true,"purpose":true,"secondary_ip_range":true,"self_link":true,"stack_type":true},"before_sensitive":false,"after_sensitive":{"log_config":[],"secondary_ip_range":[]}}},{"address":"google_container_cluster.primary","mode":"managed","type":"google_container_cluster","name":"primary","provider_name":"registry.terraform.io/hashicorp/google","change":{"actions":["create"],"before":null,"after":{"allow_net_admin":null,"binary_authorization":[],"deletion_protection":true,"description":null,"dns_config":[],"enable_autopilot":null,"enable_cilium_clusterwide_network_policy":false,"enable_k8s_beta_apis":[],"enable_kubernetes_alpha":false,"enable_l4_ilb_subsetting":false,"enable_legacy_abac":false,"enable_shielded_nodes":true,"enable_tpu":null,"fleet":[],"initial_node_count":1,"location":"us-central1","maintenance_policy":[],"min_master_version":null,"name":"primary-cluster","network_policy":[],"node_config":[{"advanced_machine_features":[],"boot_disk_kms_key":null,"containerd_config":[],"enable_confidential_storage":null,"ephemeral_storage_local_ssd_config":[],"fast_socket":[],"gcfs_config":[],"gvnic":[],"host_maintenance_policy":[],"kubelet_config":[],"linux_node_config":[],"local_nvme_ssd_block_config":[],"machine_type":"e2-medium","node_group":null,"preemptible":false,"reservation_affinity":[],"resource_labels":null,"resource_manager_tags":null,"secondary_boot_disks":[],"sole_tenant_config":[],"spot":false,"tags":null,"taint":[]}],"private_cluster_config":[],"remove_default_node_pool":null,"resource_labels":null,"resource_usage_export_config":[],"subnetwork":"my-subnetwork","timeouts":null},"after_unknown":{"addons_config":true,"authenticator_groups_config":true,"binary_authorization":[],"cluster_autoscaling":true,"cluster_ipv4_cidr":true,"confidential_nodes":true,"cost_management_config":true,"database_encryption":true,"datapath_provider":true,"default_max_pods_per_node":true,"default_snat_status":true,"dns_config":[],"enable_intranode_visibility":true,"enable_k8s_beta_apis":[],"endpoint":true,"fleet":[],"gateway_api_config":true,"id":true,"identity_service_config":true,"ip_allocation_policy":true,"label_fingerprint":true,"logging_config":true,"logging_service":true,"maintenance_policy":[],"master_auth":true,"master_authorized_networks_config":true,"master_version":true,"mesh_certificates":true,"monitoring_config":true,"monitoring_service":true,"network":true,"network_policy":[],"networking_mode":true,"node_config":[{"advanced_machine_features":[],"confidential_nodes":true,"containerd_config":[],"disk_size_gb":true,"disk_type":true,"effective_taints":true,"ephemeral_storage_local_ssd_config":[],"fast_socket":[],"gcfs_config":[],"guest_accelerator":true,"gvnic":[],"host_maintenance_policy":[],"image_type":true,"kubelet_config":[],"labels":true,"linux_node_config":[],"local_nvme_ssd_block_config":[],"local_ssd_count":true,"logging_variant":true,"metadata":true,"min_cpu_platform":true,"oauth_scopes":true,"reservation_affinity":[],"secondary_boot_disks":[],"service_account":true,"shielded_instance_config":true,"sole_tenant_config":[],"taint":[],"workload_metadata_config":true}],"node_locations":true,"node_pool":true,"node_pool_auto_config":true,"node_pool_defaults":true,"node_version":true,"notification_config":true,"operation":true,"private_cluster_config":[],"private_ipv6_google_access":true,"project":true,"release_channel":true,"resource_usage_export_config":[],"security_posture_config":true,"self_link":true,"service_external_ips_config":true,"services_ipv4_cidr":true,"tpu_ipv4_cidr_block":true,"vertical_pod_autoscaling":true,"workload_identity_config":true},"before_sensitive":false,"after_sensitive":{"addons_config":[],"authenticator_groups_config":[],"binary_authorization":[],"cluster_autoscaling":[],"confidential_nodes":[],"cost_management_config":[],"database_encryption":[],"default_snat_status":[],"dns_config":[],"enable_k8s_beta_apis":[],"fleet":[],"gateway_api_config":[],"identity_service_config":[],"ip_allocation_policy":[],"logging_config":[],"maintenance_policy":[],"master_auth":[],"master_authorized_networks_config":[],"mesh_certificates":[],"monitoring_config":[],"network_policy":[],"node_config":[{"advanced_machine_features":[],"confidential_nodes":[],"containerd_config":[],"effective_taints":[],"ephemeral_storage_local_ssd_config":[],"fast_socket":[],"gcfs_config":[],"guest_accelerator":[],"gvnic":[],"host_maintenance_policy":[],"kubelet_config":[],"labels":{},"linux_node_config":[],"local_nvme_ssd_block_config":[],"metadata":{},"oauth_scopes":[],"reservation_affinity":[],"secondary_boot_disks":[],"shielded_instance_config":[],"sole_tenant_config":[],"taint":[],"workload_metadata_config":[]}],"node_locations":[],"node_pool":[],"node_pool_auto_config":[],"node_pool_defaults":[],"notification_config":[],"private_cluster_config":[],"release_channel":[],"resource_usage_export_config":[],"security_posture_config":[],"service_external_ips_config":[],"vertical_pod_autoscaling":[],"workload_identity_config":[]}}},{"address":"google_container_node_pool.primary_nodes","mode":"managed","type":"google_container_node_pool","name":"primary_nodes","provider_name":"registry.terraform.io/hashicorp/google","change":{"actions":["create"],"before":null,"after":{"autoscaling":[],"cluster":"primary-cluster","location":"us-central1","node_config":[{"advanced_machine_features":[],"boot_disk_kms_key":null,"containerd_config":[],"enable_confidential_storage":null,"ephemeral_storage_local_ssd_config":[],"fast_socket":[],"gcfs_config":[],"gvnic":[],"host_maintenance_policy":[],"kubelet_config":[],"linux_node_config":[],"local_nvme_ssd_block_config":[],"machine_type":"e2-medium","node_group":null,"oauth_scopes":["https://www.googleapis.com/auth/devstorage.read_only","https://www.googleapis.com/auth/logging.write","https://www.googleapis.com/auth/monitoring","https://www.googleapis.com/auth/service.management.readonly","https://www.googleapis.com/auth/servicecontrol","https://www.googleapis.com/auth/trace.append"],"preemptible":true,"reservation_affinity":[],"resource_labels":null,"resource_manager_tags":null,"secondary_boot_disks":[],"sole_tenant_config":[],"spot":false,"tags":null,"taint":[]}],"node_count":1,"placement_policy":[],"project":"crack-atlas-418513","queued_provisioning":[],"timeouts":null},"after_unknown":{"autoscaling":[],"id":true,"initial_node_count":true,"instance_group_urls":true,"managed_instance_group_urls":true,"management":true,"max_pods_per_node":true,"name":true,"name_prefix":true,"network_config":true,"node_config":[{"advanced_machine_features":[],"confidential_nodes":true,"containerd_config":[],"disk_size_gb":true,"disk_type":true,"effective_taints":true,"ephemeral_storage_local_ssd_config":[],"fast_socket":[],"gcfs_config":[],"guest_accelerator":true,"gvnic":[],"host_maintenance_policy":[],"image_type":true,"kubelet_config":[],"labels":true,"linux_node_config":[],"local_nvme_ssd_block_config":[],"local_ssd_count":true,"logging_variant":true,"metadata":true,"min_cpu_platform":true,"oauth_scopes":[false,false,false,false,false,false],"reservation_affinity":[],"secondary_boot_disks":[],"service_account":true,"shielded_instance_config":true,"sole_tenant_config":[],"taint":[],"workload_metadata_config":true}],"node_locations":true,"operation":true,"placement_policy":[],"queued_provisioning":[],"upgrade_settings":true,"version":true},"before_sensitive":false,"after_sensitive":{"autoscaling":[],"instance_group_urls":[],"managed_instance_group_urls":[],"management":[],"network_config":[],"node_config":[{"advanced_machine_features":[],"confidential_nodes":[],"containerd_config":[],"effective_taints":[],"ephemeral_storage_local_ssd_config":[],"fast_socket":[],"gcfs_config":[],"guest_accelerator":[],"gvnic":[],"host_maintenance_policy":[],"kubelet_config":[],"labels":{},"linux_node_config":[],"local_nvme_ssd_block_config":[],"metadata":{},"oauth_scopes":[false,false,false,false,false,false],"reservation_affinity":[],"secondary_boot_disks":[],"shielded_instance_config":[],"sole_tenant_config":[],"taint":[],"workload_metadata_config":[]}],"node_locations":[],"placement_policy":[],"queued_provisioning":[],"upgrade_settings":[]}}}],"output_changes":{"client_certificate":{"actions":["create"],"before":null,"after_unknown":true,"before_sensitive":false,"after_sensitive":false},"client_key":{"actions":["create"],"before":null,"after_unknown":true,"before_sensitive":false,"after_sensitive":false},"cluster_ca_certificate":{"actions":["create"],"before":null,"after_unknown":true,"before_sensitive":false,"after_sensitive":false},"kubeconfig":{"actions":["create"],"before":null,"after_unknown":true,"before_sensitive":false,"after_sensitive":false}},"configuration":{"provider_config":{"google":{"name":"google","full_name":"registry.terraform.io/hashicorp/google","expressions":{"project":{"constant_value":"crack-atlas-418513"},"region":{"constant_value":"us-central1"},"zone":{"constant_value":"us-central1-a"}}}},"root_module":{"outputs":{"client_certificate":{"expression":{"references":["google_container_cluster.primary.master_auth[0].client_certificate","google_container_cluster.primary.master_auth[0]","google_container_cluster.primary.master_auth","google_container_cluster.primary"]}},"client_key":{"expression":{"references":["google_container_cluster.primary.master_auth[0].client_key","google_container_cluster.primary.master_auth[0]","google_container_cluster.primary.master_auth","google_container_cluster.primary"]}},"cluster_ca_certificate":{"expression":{"references":["google_container_cluster.primary.master_auth[0].cluster_ca_certificate","google_container_cluster.primary.master_auth[0]","google_container_cluster.primary.master_auth","google_container_cluster.primary"]}},"kubeconfig":{"expression":{"references":["google_container_cluster.primary.endpoint","google_container_cluster.primary"]}}},"resources":[{"address":"google_compute_network.vpc_network","mode":"managed","type":"google_compute_network","name":"vpc_network","provider_config_key":"google","expressions":{"auto_create_subnetworks":{"constant_value":false},"name":{"constant_value":"my-vpc-network"}},"schema_version":0},{"address":"google_compute_subnetwork.subnetwork","mode":"managed","type":"google_compute_subnetwork","name":"subnetwork","provider_config_key":"google","expressions":{"ip_cidr_range":{"constant_value":"10.0.0.0/16"},"name":{"constant_value":"my-subnetwork"},"network":{"references":["google_compute_network.vpc_network.id","google_compute_network.vpc_network"]},"region":{"constant_value":"us-central1"}},"schema_version":0},{"address":"google_container_cluster.primary","mode":"managed","type":"google_container_cluster","name":"primary","provider_config_key":"google","expressions":{"initial_node_count":{"constant_value":1},"location":{"constant_value":"us-central1"},"name":{"constant_value":"primary-cluster"},"network":{"references":["google_compute_network.vpc_network.id","google_compute_network.vpc_network"]},"node_config":[{"machine_type":{"constant_value":"e2-medium"}}],"subnetwork":{"references":["google_compute_subnetwork.subnetwork.name","google_compute_subnetwork.subnetwork"]}},"schema_version":2},{"address":"google_container_node_pool.primary_nodes","mode":"managed","type":"google_container_node_pool","name":"primary_nodes","provider_config_key":"google","expressions":{"cluster":{"references":["google_container_cluster.primary.name","google_container_cluster.primary"]},"location":{"references":["google_container_cluster.primary.location","google_container_cluster.primary"]},"node_config":[{"machine_type":{"constant_value":"e2-medium"},"oauth_scopes":{"constant_value":["https://www.googleapis.com/auth/devstorage.read_only","https://www.googleapis.com/auth/logging.write","https://www.googleapis.com/auth/monitoring","https://www.googleapis.com/auth/servicecontrol","https://www.googleapis.com/auth/service.management.readonly","https://www.googleapis.com/auth/trace.append"]},"preemptible":{"constant_value":true}}],"node_count":{"constant_value":1}},"schema_version":1}],"variables":{"cluster_name":{"default":"primary-cluster","description":"The name of the GKE cluster"},"machine_type":{"default":"e2-medium","description":"The machine type for the nodes"},"node_count":{"default":1,"description":"The number of nodes in the cluster"},"project_id":{"description":"The GCP project ID"},"region":{"default":"us-central1","description":"The GCP region"},"zone":{"default":"us-central1-a","description":"The GCP zone"}}}},"relevant_attributes":[{"resource":"google_container_cluster.primary","attribute":["master_auth",0,"cluster_ca_certificate"]},{"resource":"google_container_cluster.primary","attribute":["master_auth",0,"client_certificate"]},{"resource":"google_compute_network.vpc_network","attribute":["id"]},{"resource":"google_compute_subnetwork.subnetwork","attribute":["name"]},{"resource":"google_container_cluster.primary","attribute":["name"]},{"resource":"google_container_cluster.primary","attribute":["location"]},{"resource":"google_container_cluster.primary","attribute":["endpoint"]},{"resource":"google_container_cluster.primary","attribute":["master_auth",0,"client_key"]}],"timestamp":"2024-07-24T16:36:28Z","applyable":true,"complete":true,"errored":false}
